
Microsoft Visual Studio Solution File, Format Version 12.00
# Visual Studio 15
VisualStudioVersion = 15.0.27130.2036
MinimumVisualStudioVersion = 10.0.40219.1
Project("{FAE04EC0-301F-11D3-BF4B-00C04F79EFBC}") = "MosMetroPath", "MosMetroPath\MosMetroPath.csproj", "{2867F60F-0C26-4BD6-BB36-3731AA8983CB}"
EndProject
Global
	GlobalSection(SolutionConfigurationPlatforms) = preSolution
		Debug|Any CPU = Debug|Any CPU
		Release|Any CPU = Release|Any CPU
	EndGlobalSection
	GlobalSection(ProjectConfigurationPlatforms) = postSolution
		{2867F60F-0C26-4BD6-BB36-3731AA8983CB}.Debug|Any CPU.ActiveCfg = Debug|Any CPU
		{2867F60F-0C26-4BD6-BB36-3731AA8983CB}.Debug|Any CPU.Build.0 = Debug|Any CPU
		{2867F60F-0C26-4BD6-BB36-3731AA8983CB}.Release|Any CPU.ActiveCfg = Release|Any CPU
		{2867F60F-0C26-4BD6-BB36-3731AA8983CB}.Release|Any CPU.Build.0 = Release|Any CPU
	EndGlobalSection
	GlobalSection(SolutionProperties) = preSolution
		HideSolutionNode = FALSE
	EndGlobalSection
	GlobalSection(ExtensibilityGlobals) = postSolution
		SolutionGuid = {B35717A3-71F7-4E08-8D68-FDA9F615EFBB}
	EndGlobalSection
EndGlobal
